
Microsoft Visual Studio Solution File, Format Version 12.00
# Visual Studio 15
VisualStudioVersion = 15.0.26730.16
MinimumVisualStudioVersion = 10.0.40219.1
Project("{FAE04EC0-301F-11D3-BF4B-00C04F79EFBC}") = "E17I4DABH2Gr15", "E17I4DABH2Gr15\E17I4DABH2Gr15.csproj", "{972CFEA6-A3B4-4595-88CA-C882FD78D29A}"
EndProject
Global
	GlobalSection(SolutionConfigurationPlatforms) = preSolution
		Debug|Any CPU = Debug|Any CPU
		Release|Any CPU = Release|Any CPU
	EndGlobalSection
	GlobalSection(ProjectConfigurationPlatforms) = postSolution
		{972CFEA6-A3B4-4595-88CA-C882FD78D29A}.Debug|Any CPU.ActiveCfg = Debug|Any CPU
		{972CFEA6-A3B4-4595-88CA-C882FD78D29A}.Debug|Any CPU.Build.0 = Debug|Any CPU
		{972CFEA6-A3B4-4595-88CA-C882FD78D29A}.Release|Any CPU.ActiveCfg = Release|Any CPU
		{972CFEA6-A3B4-4595-88CA-C882FD78D29A}.Release|Any CPU.Build.0 = Release|Any CPU
	EndGlobalSection
	GlobalSection(SolutionProperties) = preSolution
		HideSolutionNode = FALSE
	EndGlobalSection
	GlobalSection(ExtensibilityGlobals) = postSolution
		SolutionGuid = {E2AA4DE4-1830-49AD-B331-9DB21D643AB6}
	EndGlobalSection
EndGlobal
